
Microsoft Visual Studio Solution File, Format Version 12.00
# Visual Studio Version 17
VisualStudioVersion = 17.5.002.0
MinimumVisualStudioVersion = 10.0.40219.1
Project("{9A19103F-16F7-4668-BE54-9A1E7A4F7556}") = "WebApp", "WebApp.csproj", "{969D3B84-3ED7-4FDC-ABF5-0F116A214534}"
EndProject
Project("{FAE04EC0-301F-11D3-BF4B-00C04F79EFBC}") = "InstaMemoriesTest", "..\InstaMemoriesTest\InstaMemoriesTest.csproj", "{08A0D0CC-51CF-4986-9C8E-70E9ECFF3A67}"
EndProject
Global
	GlobalSection(SolutionConfigurationPlatforms) = preSolution
		Debug|Any CPU = Debug|Any CPU
		Release|Any CPU = Release|Any CPU
	EndGlobalSection
	GlobalSection(ProjectConfigurationPlatforms) = postSolution
		{969D3B84-3ED7-4FDC-ABF5-0F116A214534}.Debug|Any CPU.ActiveCfg = Debug|Any CPU
		{969D3B84-3ED7-4FDC-ABF5-0F116A214534}.Debug|Any CPU.Build.0 = Debug|Any CPU
		{969D3B84-3ED7-4FDC-ABF5-0F116A214534}.Release|Any CPU.ActiveCfg = Release|Any CPU
		{969D3B84-3ED7-4FDC-ABF5-0F116A214534}.Release|Any CPU.Build.0 = Release|Any CPU
		{08A0D0CC-51CF-4986-9C8E-70E9ECFF3A67}.Debug|Any CPU.ActiveCfg = Debug|Any CPU
		{08A0D0CC-51CF-4986-9C8E-70E9ECFF3A67}.Debug|Any CPU.Build.0 = Debug|Any CPU
		{08A0D0CC-51CF-4986-9C8E-70E9ECFF3A67}.Release|Any CPU.ActiveCfg = Release|Any CPU
		{08A0D0CC-51CF-4986-9C8E-70E9ECFF3A67}.Release|Any CPU.Build.0 = Release|Any CPU
	EndGlobalSection
	GlobalSection(SolutionProperties) = preSolution
		HideSolutionNode = FALSE
	EndGlobalSection
	GlobalSection(ExtensibilityGlobals) = postSolution
		SolutionGuid = {1094B628-A3AD-42BE-BA2F-1F86D7421645}
	EndGlobalSection
EndGlobal
